
Microsoft Visual Studio Solution File, Format Version 12.00
# Visual Studio Version 17
VisualStudioVersion = 17.0.32126.317
MinimumVisualStudioVersion = 10.0.40219.1
Project("{9A19103F-16F7-4668-BE54-9A1E7A4F7556}") = "GmGard", "GmGard\GmGard.csproj", "{3CFDC830-FF26-48D6-B7DC-2DC9F9CBB6B4}"
EndProject
Project("{9A19103F-16F7-4668-BE54-9A1E7A4F7556}") = "GmGardMigrations", "GmGardMigrations\GmGardMigrations.csproj", "{20C20C12-8CD4-46D3-93B0-76890566D237}"
EndProject
Project("{9A19103F-16F7-4668-BE54-9A1E7A4F7556}") = "GmGard.Models", "GmGard.Models\GmGard.Models.csproj", "{176A9945-C9A7-45A6-BF18-5B41E6E8556F}"
EndProject
Project("{9A19103F-16F7-4668-BE54-9A1E7A4F7556}") = "GmGard.Client", "GmGard.Client\GmGard.Client.csproj", "{D4E8F1A2-3B5C-4D6E-8F9A-1C2D3E4F5A6B}"
EndProject
Global
	GlobalSection(SolutionConfigurationPlatforms) = preSolution
		Debug|Any CPU = Debug|Any CPU
		Release|Any CPU = Release|Any CPU
		Staging|Any CPU = Staging|Any CPU
	EndGlobalSection
	GlobalSection(ProjectConfigurationPlatforms) = postSolution
		{3CFDC830-FF26-48D6-B7DC-2DC9F9CBB6B4}.Debug|Any CPU.ActiveCfg = Debug|Any CPU
		{3CFDC830-FF26-48D6-B7DC-2DC9F9CBB6B4}.Debug|Any CPU.Build.0 = Debug|Any CPU
		{3CFDC830-FF26-48D6-B7DC-2DC9F9CBB6B4}.Release|Any CPU.ActiveCfg = Release|Any CPU
		{3CFDC830-FF26-48D6-B7DC-2DC9F9CBB6B4}.Release|Any CPU.Build.0 = Release|Any CPU
		{3CFDC830-FF26-48D6-B7DC-2DC9F9CBB6B4}.Staging|Any CPU.ActiveCfg = Staging|Any CPU
		{3CFDC830-FF26-48D6-B7DC-2DC9F9CBB6B4}.Staging|Any CPU.Build.0 = Staging|Any CPU
		{20C20C12-8CD4-46D3-93B0-76890566D237}.Debug|Any CPU.ActiveCfg = Debug|Any CPU
		{20C20C12-8CD4-46D3-93B0-76890566D237}.Debug|Any CPU.Build.0 = Debug|Any CPU
		{20C20C12-8CD4-46D3-93B0-76890566D237}.Release|Any CPU.ActiveCfg = Release|Any CPU
		{20C20C12-8CD4-46D3-93B0-76890566D237}.Release|Any CPU.Build.0 = Release|Any CPU
		{20C20C12-8CD4-46D3-93B0-76890566D237}.Staging|Any CPU.ActiveCfg = Release|Any CPU
		{20C20C12-8CD4-46D3-93B0-76890566D237}.Staging|Any CPU.Build.0 = Release|Any CPU
		{176A9945-C9A7-45A6-BF18-5B41E6E8556F}.Debug|Any CPU.ActiveCfg = Debug|Any CPU
		{176A9945-C9A7-45A6-BF18-5B41E6E8556F}.Debug|Any CPU.Build.0 = Debug|Any CPU
		{176A9945-C9A7-45A6-BF18-5B41E6E8556F}.Release|Any CPU.ActiveCfg = Release|Any CPU
		{176A9945-C9A7-45A6-BF18-5B41E6E8556F}.Release|Any CPU.Build.0 = Release|Any CPU
		{176A9945-C9A7-45A6-BF18-5B41E6E8556F}.Staging|Any CPU.ActiveCfg = Staging|Any CPU
		{176A9945-C9A7-45A6-BF18-5B41E6E8556F}.Staging|Any CPU.Build.0 = Staging|Any CPU
		{D4E8F1A2-3B5C-4D6E-8F9A-1C2D3E4F5A6B}.Debug|Any CPU.ActiveCfg = Debug|Any CPU
		{D4E8F1A2-3B5C-4D6E-8F9A-1C2D3E4F5A6B}.Debug|Any CPU.Build.0 = Debug|Any CPU
		{D4E8F1A2-3B5C-4D6E-8F9A-1C2D3E4F5A6B}.Release|Any CPU.ActiveCfg = Release|Any CPU
		{D4E8F1A2-3B5C-4D6E-8F9A-1C2D3E4F5A6B}.Release|Any CPU.Build.0 = Release|Any CPU
		{D4E8F1A2-3B5C-4D6E-8F9A-1C2D3E4F5A6B}.Staging|Any CPU.ActiveCfg = Release|Any CPU
		{D4E8F1A2-3B5C-4D6E-8F9A-1C2D3E4F5A6B}.Staging|Any CPU.Build.0 = Release|Any CPU
	EndGlobalSection
	GlobalSection(SolutionProperties) = preSolution
		HideSolutionNode = FALSE
	EndGlobalSection
	GlobalSection(ExtensibilityGlobals) = postSolution
		SolutionGuid = {0E4EC5E3-A429-48AD-97E0-7CDA960BB8F9}
	EndGlobalSection
EndGlobal
